# This file is automatically @generated by Poetry 1.8.3 and should not be changed by hand.

[[package]]
name = "typed-data-structures"
version = "0.0.2"
description = "typed-data-structures - A collection of data structures written in python with propper type annotations"
optional = false
python-versions = ">=3.7.*"
files = [
    {file = "typed-data-structures-0.0.2.tar.gz", hash = "sha256:c7933d7fdebbcb25be7010fcc006b8d76bd135ea11574cfc96488dc62a2e6b08"},
    {file = "typed_data_structures-0.0.2-py3-none-any.whl", hash = "sha256:b5fff1569d79f5fd6b8f8e80e525edafeff8eaf1205a05f2c10a21126126214e"},
]

[metadata]
lock-version = "2.0"
python-versions = "^3.12"
content-hash = "b40e05b6c149b0ece9755ef8ef3684780f8e03cabfce5f2caa435f884297027e"
